
Microsoft Visual Studio Solution File, Format Version 12.00
# Visual Studio Version 17
VisualStudioVersion = 17.0.31903.59
MinimumVisualStudioVersion = 10.0.40219.1
Project("{FAE04EC0-301F-11D3-BF4B-00C04F79EFBC}") = "Collections", "Collections\Collections.csproj", "{55018353-0C72-4493-96C1-FF9ADFCD4A4B}"
EndProject
Project("{FAE04EC0-301F-11D3-BF4B-00C04F79EFBC}") = "Enumerator and Iterator", "Enumerator and Iterator\Enumerator and Iterator.csproj", "{E557F3C8-29EE-491E-BB8F-4437200A5E41}"
EndProject
Project("{FAE04EC0-301F-11D3-BF4B-00C04F79EFBC}") = "Partial Class", "Partial Class\Partial Class.csproj", "{9684739E-067F-4786-84F2-E348F2D0CBAD}"
EndProject
Global
	GlobalSection(SolutionConfigurationPlatforms) = preSolution
		Debug|Any CPU = Debug|Any CPU
		Release|Any CPU = Release|Any CPU
	EndGlobalSection
	GlobalSection(SolutionProperties) = preSolution
		HideSolutionNode = FALSE
	EndGlobalSection
	GlobalSection(ProjectConfigurationPlatforms) = postSolution
		{55018353-0C72-4493-96C1-FF9ADFCD4A4B}.Debug|Any CPU.ActiveCfg = Debug|Any CPU
		{55018353-0C72-4493-96C1-FF9ADFCD4A4B}.Debug|Any CPU.Build.0 = Debug|Any CPU
		{55018353-0C72-4493-96C1-FF9ADFCD4A4B}.Release|Any CPU.ActiveCfg = Release|Any CPU
		{55018353-0C72-4493-96C1-FF9ADFCD4A4B}.Release|Any CPU.Build.0 = Release|Any CPU
		{E557F3C8-29EE-491E-BB8F-4437200A5E41}.Debug|Any CPU.ActiveCfg = Debug|Any CPU
		{E557F3C8-29EE-491E-BB8F-4437200A5E41}.Debug|Any CPU.Build.0 = Debug|Any CPU
		{E557F3C8-29EE-491E-BB8F-4437200A5E41}.Release|Any CPU.ActiveCfg = Release|Any CPU
		{E557F3C8-29EE-491E-BB8F-4437200A5E41}.Release|Any CPU.Build.0 = Release|Any CPU
		{9684739E-067F-4786-84F2-E348F2D0CBAD}.Debug|Any CPU.ActiveCfg = Debug|Any CPU
		{9684739E-067F-4786-84F2-E348F2D0CBAD}.Debug|Any CPU.Build.0 = Debug|Any CPU
		{9684739E-067F-4786-84F2-E348F2D0CBAD}.Release|Any CPU.ActiveCfg = Release|Any CPU
		{9684739E-067F-4786-84F2-E348F2D0CBAD}.Release|Any CPU.Build.0 = Release|Any CPU
	EndGlobalSection
EndGlobal
