
Microsoft Visual Studio Solution File, Format Version 12.00
# Visual Studio Version 17
VisualStudioVersion = 17.0.31903.59
MinimumVisualStudioVersion = 10.0.40219.1
Project("{FAE04EC0-301F-11D3-BF4B-00C04F79EFBC}") = "Action Func Predicate", "Action Func Predicate\Action Func Predicate.csproj", "{01805C82-EF05-49A4-A711-8A3F73602044}"
EndProject
Project("{FAE04EC0-301F-11D3-BF4B-00C04F79EFBC}") = "Misal", "Misal\Misal.csproj", "{17FA721C-BCE0-4B40-9ED6-186E51502426}"
EndProject
Global
	GlobalSection(SolutionConfigurationPlatforms) = preSolution
		Debug|Any CPU = Debug|Any CPU
		Release|Any CPU = Release|Any CPU
	EndGlobalSection
	GlobalSection(SolutionProperties) = preSolution
		HideSolutionNode = FALSE
	EndGlobalSection
	GlobalSection(ProjectConfigurationPlatforms) = postSolution
		{01805C82-EF05-49A4-A711-8A3F73602044}.Debug|Any CPU.ActiveCfg = Debug|Any CPU
		{01805C82-EF05-49A4-A711-8A3F73602044}.Debug|Any CPU.Build.0 = Debug|Any CPU
		{01805C82-EF05-49A4-A711-8A3F73602044}.Release|Any CPU.ActiveCfg = Release|Any CPU
		{01805C82-EF05-49A4-A711-8A3F73602044}.Release|Any CPU.Build.0 = Release|Any CPU
		{17FA721C-BCE0-4B40-9ED6-186E51502426}.Debug|Any CPU.ActiveCfg = Debug|Any CPU
		{17FA721C-BCE0-4B40-9ED6-186E51502426}.Debug|Any CPU.Build.0 = Debug|Any CPU
		{17FA721C-BCE0-4B40-9ED6-186E51502426}.Release|Any CPU.ActiveCfg = Release|Any CPU
		{17FA721C-BCE0-4B40-9ED6-186E51502426}.Release|Any CPU.Build.0 = Release|Any CPU
	EndGlobalSection
EndGlobal
