
Microsoft Visual Studio Solution File, Format Version 12.00
# Visual Studio Version 17
VisualStudioVersion = 17.0.31903.59
MinimumVisualStudioVersion = 10.0.40219.1
Project("{FAE04EC0-301F-11D3-BF4B-00C04F79EFBC}") = "FileStream", "FileStream\FileStream.csproj", "{717E7BA3-AF4B-4416-ADB9-0A7949AC7463}"
EndProject
Project("{FAE04EC0-301F-11D3-BF4B-00C04F79EFBC}") = "StreamWriter", "StreamWriter\StreamWriter.csproj", "{CCD661A7-7EA3-4115-932C-F400E255EBF2}"
EndProject
Project("{FAE04EC0-301F-11D3-BF4B-00C04F79EFBC}") = "JSON Serialization", "JSON Serialization\JSON Serialization.csproj", "{AF612888-3B34-424F-A441-73A1BD3B238C}"
EndProject
Project("{FAE04EC0-301F-11D3-BF4B-00C04F79EFBC}") = "XML Serialization", "XML Serialization\XML Serialization.csproj", "{6233E6DE-E0B7-474E-99BD-51E2CB5E090D}"
EndProject
Project("{FAE04EC0-301F-11D3-BF4B-00C04F79EFBC}") = "DataContract", "DataContract\DataContract.csproj", "{788F89F6-FABF-47C3-87D3-93A8E8A72D3C}"
EndProject
Global
	GlobalSection(SolutionConfigurationPlatforms) = preSolution
		Debug|Any CPU = Debug|Any CPU
		Release|Any CPU = Release|Any CPU
	EndGlobalSection
	GlobalSection(SolutionProperties) = preSolution
		HideSolutionNode = FALSE
	EndGlobalSection
	GlobalSection(ProjectConfigurationPlatforms) = postSolution
		{717E7BA3-AF4B-4416-ADB9-0A7949AC7463}.Debug|Any CPU.ActiveCfg = Debug|Any CPU
		{717E7BA3-AF4B-4416-ADB9-0A7949AC7463}.Debug|Any CPU.Build.0 = Debug|Any CPU
		{717E7BA3-AF4B-4416-ADB9-0A7949AC7463}.Release|Any CPU.ActiveCfg = Release|Any CPU
		{717E7BA3-AF4B-4416-ADB9-0A7949AC7463}.Release|Any CPU.Build.0 = Release|Any CPU
		{CCD661A7-7EA3-4115-932C-F400E255EBF2}.Debug|Any CPU.ActiveCfg = Debug|Any CPU
		{CCD661A7-7EA3-4115-932C-F400E255EBF2}.Debug|Any CPU.Build.0 = Debug|Any CPU
		{CCD661A7-7EA3-4115-932C-F400E255EBF2}.Release|Any CPU.ActiveCfg = Release|Any CPU
		{CCD661A7-7EA3-4115-932C-F400E255EBF2}.Release|Any CPU.Build.0 = Release|Any CPU
		{AF612888-3B34-424F-A441-73A1BD3B238C}.Debug|Any CPU.ActiveCfg = Debug|Any CPU
		{AF612888-3B34-424F-A441-73A1BD3B238C}.Debug|Any CPU.Build.0 = Debug|Any CPU
		{AF612888-3B34-424F-A441-73A1BD3B238C}.Release|Any CPU.ActiveCfg = Release|Any CPU
		{AF612888-3B34-424F-A441-73A1BD3B238C}.Release|Any CPU.Build.0 = Release|Any CPU
		{6233E6DE-E0B7-474E-99BD-51E2CB5E090D}.Debug|Any CPU.ActiveCfg = Debug|Any CPU
		{6233E6DE-E0B7-474E-99BD-51E2CB5E090D}.Debug|Any CPU.Build.0 = Debug|Any CPU
		{6233E6DE-E0B7-474E-99BD-51E2CB5E090D}.Release|Any CPU.ActiveCfg = Release|Any CPU
		{6233E6DE-E0B7-474E-99BD-51E2CB5E090D}.Release|Any CPU.Build.0 = Release|Any CPU
		{788F89F6-FABF-47C3-87D3-93A8E8A72D3C}.Debug|Any CPU.ActiveCfg = Debug|Any CPU
		{788F89F6-FABF-47C3-87D3-93A8E8A72D3C}.Debug|Any CPU.Build.0 = Debug|Any CPU
		{788F89F6-FABF-47C3-87D3-93A8E8A72D3C}.Release|Any CPU.ActiveCfg = Release|Any CPU
		{788F89F6-FABF-47C3-87D3-93A8E8A72D3C}.Release|Any CPU.Build.0 = Release|Any CPU
	EndGlobalSection
EndGlobal
